// !$*UTF8*$!
{
	archiveVersion = 1;
	classes = {
	};
	objectVersion = 55;
	objects = {

/* Begin PBXBuildFile section */
		5E05ABA8279EA8F8007CAED8 /* BookInfoVC.swift in Sources */ = {isa = PBXBuildFile; fileRef = 5E05ABA7279EA8F8007CAED8 /* BookInfoVC.swift */; };
		5E6F20E7278DEF9D00A919DF /* Book.swift in Sources */ = {isa = PBXBuildFile; fileRef = 5E6F20E6278DEF9D00A919DF /* Book.swift */; };
		5E6F20E9278DF09300A919DF /* Networking.swift in Sources */ = {isa = PBXBuildFile; fileRef = 5E6F20E8278DF09300A919DF /* Networking.swift */; };
		5E81ED3F27858B6800317457 /* AppDelegate.swift in Sources */ = {isa = PBXBuildFile; fileRef = 5E81ED3E27858B6800317457 /* AppDelegate.swift */; };
		5E81ED4127858B6800317457 /* SceneDelegate.swift in Sources */ = {isa = PBXBuildFile; fileRef = 5E81ED4027858B6800317457 /* SceneDelegate.swift */; };
		5E81ED4327858B6800317457 /* CategoryBookVC.swift in Sources */ = {isa = PBXBuildFile; fileRef = 5E81ED4227858B6800317457 /* CategoryBookVC.swift */; };
		5E81ED4627858B6800317457 /* Main.storyboard in Resources */ = {isa = PBXBuildFile; fileRef = 5E81ED4427858B6800317457 /* Main.storyboard */; };
		5E81ED4927858B6800317457 /* Software_Books.xcdatamodeld in Sources */ = {isa = PBXBuildFile; fileRef = 5E81ED4727858B6800317457 /* Software_Books.xcdatamodeld */; };
		5E81ED4B27858B6C00317457 /* Assets.xcassets in Resources */ = {isa = PBXBuildFile; fileRef = 5E81ED4A27858B6C00317457 /* Assets.xcassets */; };
		5E81ED4E27858B6C00317457 /* LaunchScreen.storyboard in Resources */ = {isa = PBXBuildFile; fileRef = 5E81ED4C27858B6C00317457 /* LaunchScreen.storyboard */; };
		5E81ED5627858F9C00317457 /* CategoryBook.swift in Sources */ = {isa = PBXBuildFile; fileRef = 5E81ED5527858F9C00317457 /* CategoryBook.swift */; };
		5E81ED59278590FE00317457 /* CategoryCollectionViewCell.swift in Sources */ = {isa = PBXBuildFile; fileRef = 5E81ED57278590FE00317457 /* CategoryCollectionViewCell.swift */; };
		5E81ED5A278590FE00317457 /* CategoryCollectionViewCell.xib in Resources */ = {isa = PBXBuildFile; fileRef = 5E81ED58278590FE00317457 /* CategoryCollectionViewCell.xib */; };
		5E81ED5F2785C48F00317457 /* BookListVC.swift in Sources */ = {isa = PBXBuildFile; fileRef = 5E81ED5E2785C48F00317457 /* BookListVC.swift */; };
		5E81ED622785D16F00317457 /* BookListTableViewCell.swift in Sources */ = {isa = PBXBuildFile; fileRef = 5E81ED602785D16F00317457 /* BookListTableViewCell.swift */; };
		5E81ED632785D16F00317457 /* BookListTableViewCell.xib in Resources */ = {isa = PBXBuildFile; fileRef = 5E81ED612785D16F00317457 /* BookListTableViewCell.xib */; };
		5E89E65927A8680800599C18 /* PersistenceManager.swift in Sources */ = {isa = PBXBuildFile; fileRef = 5E89E65827A8680800599C18 /* PersistenceManager.swift */; };
		5E89E65B27A966E700599C18 /* FavoriteBookVC.swift in Sources */ = {isa = PBXBuildFile; fileRef = 5E89E65A27A966E700599C18 /* FavoriteBookVC.swift */; };
		5E89E66027A9ADFF00599C18 /* FavoriteBookCell.swift in Sources */ = {isa = PBXBuildFile; fileRef = 5E89E65E27A9ADFF00599C18 /* FavoriteBookCell.swift */; };
		5E89E66127A9ADFF00599C18 /* FavoriteBookCell.xib in Resources */ = {isa = PBXBuildFile; fileRef = 5E89E65F27A9ADFF00599C18 /* FavoriteBookCell.xib */; };
/* End PBXBuildFile section */

/* Begin PBXFileReference section */
		5E05ABA7279EA8F8007CAED8 /* BookInfoVC.swift */ = {isa = PBXFileReference; lastKnownFileType = sourcecode.swift; path = BookInfoVC.swift; sourceTree = "<group>"; };
		5E6F20E6278DEF9D00A919DF /* Book.swift */ = {isa = PBXFileReference; lastKnownFileType = sourcecode.swift; path = Book.swift; sourceTree = "<group>"; };
		5E6F20E8278DF09300A919DF /* Networking.swift */ = {isa = PBXFileReference; lastKnownFileType = sourcecode.swift; path = Networking.swift; sourceTree = "<group>"; };
		5E81ED3B27858B6800317457 /* Software Books.app */ = {isa = PBXFileReference; explicitFileType = wrapper.application; includeInIndex = 0; path = "Software Books.app"; sourceTree = BUILT_PRODUCTS_DIR; };
		5E81ED3E27858B6800317457 /* AppDelegate.swift */ = {isa = PBXFileReference; lastKnownFileType = sourcecode.swift; path = AppDelegate.swift; sourceTree = "<group>"; };
		5E81ED4027858B6800317457 /* SceneDelegate.swift */ = {isa = PBXFileReference; lastKnownFileType = sourcecode.swift; path = SceneDelegate.swift; sourceTree = "<group>"; };
		5E81ED4227858B6800317457 /* CategoryBookVC.swift */ = {isa = PBXFileReference; lastKnownFileType = sourcecode.swift; path = CategoryBookVC.swift; sourceTree = "<group>"; };
		5E81ED4527858B6800317457 /* Base */ = {isa = PBXFileReference; lastKnownFileType = file.storyboard; name = Base; path = Base.lproj/Main.storyboard; sourceTree = "<group>"; };
		5E81ED4827858B6800317457 /* Software_Books.xcdatamodel */ = {isa = PBXFileReference; lastKnownFileType = wrapper.xcdatamodel; path = Software_Books.xcdatamodel; sourceTree = "<group>"; };
		5E81ED4A27858B6C00317457 /* Assets.xcassets */ = {isa = PBXFileReference; lastKnownFileType = folder.assetcatalog; path = Assets.xcassets; sourceTree = "<group>"; };
		5E81ED4D27858B6C00317457 /* Base */ = {isa = PBXFileReference; lastKnownFileType = file.storyboard; name = Base; path = Base.lproj/LaunchScreen.storyboard; sourceTree = "<group>"; };
		5E81ED4F27858B6C00317457 /* Info.plist */ = {isa = PBXFileReference; lastKnownFileType = text.plist.xml; path = Info.plist; sourceTree = "<group>"; };
		5E81ED5527858F9C00317457 /* CategoryBook.swift */ = {isa = PBXFileReference; lastKnownFileType = sourcecode.swift; path = CategoryBook.swift; sourceTree = "<group>"; };
		5E81ED57278590FE00317457 /* CategoryCollectionViewCell.swift */ = {isa = PBXFileReference; lastKnownFileType = sourcecode.swift; path = CategoryCollectionViewCell.swift; sourceTree = "<group>"; };
		5E81ED58278590FE00317457 /* CategoryCollectionViewCell.xib */ = {isa = PBXFileReference; lastKnownFileType = file.xib; path = CategoryCollectionViewCell.xib; sourceTree = "<group>"; };
		5E81ED5E2785C48F00317457 /* BookListVC.swift */ = {isa = PBXFileReference; lastKnownFileType = sourcecode.swift; path = BookListVC.swift; sourceTree = "<group>"; };
		5E81ED602785D16F00317457 /* BookListTableViewCell.swift */ = {isa = PBXFileReference; lastKnownFileType = sourcecode.swift; path = BookListTableViewCell.swift; sourceTree = "<group>"; };
		5E81ED612785D16F00317457 /* BookListTableViewCell.xib */ = {isa = PBXFileReference; lastKnownFileType = file.xib; path = BookListTableViewCell.xib; sourceTree = "<group>"; };
		5E89E65827A8680800599C18 /* PersistenceManager.swift */ = {isa = PBXFileReference; lastKnownFileType = sourcecode.swift; path = PersistenceManager.swift; sourceTree = "<group>"; };
		5E89E65A27A966E700599C18 /* FavoriteBookVC.swift */ = {isa = PBXFileReference; lastKnownFileType = sourcecode.swift; path = FavoriteBookVC.swift; sourceTree = "<group>"; };
		5E89E65E27A9ADFF00599C18 /* FavoriteBookCell.swift */ = {isa = PBXFileReference; lastKnownFileType = sourcecode.swift; path = FavoriteBookCell.swift; sourceTree = "<group>"; };
		5E89E65F27A9ADFF00599C18 /* FavoriteBookCell.xib */ = {isa = PBXFileReference; lastKnownFileType = file.xib; path = FavoriteBookCell.xib; sourceTree = "<group>"; };
/* End PBXFileReference section */

/* Begin PBXFrameworksBuildPhase section */
		5E81ED3827858B6800317457 /* Frameworks */ = {
			isa = PBXFrameworksBuildPhase;
			buildActionMask = 2147483647;
			files = (
			);
			runOnlyForDeploymentPostprocessing = 0;
		};
/* End PBXFrameworksBuildPhase section */

/* Begin PBXGroup section */
		5E81ED3227858B6800317457 = {
			isa = PBXGroup;
			children = (
				5E81ED3D27858B6800317457 /* Software Books */,
				5E81ED3C27858B6800317457 /* Products */,
			);
			sourceTree = "<group>";
		};
		5E81ED3C27858B6800317457 /* Products */ = {
			isa = PBXGroup;
			children = (
				5E81ED3B27858B6800317457 /* Software Books.app */,
			);
			name = Products;
			sourceTree = "<group>";
		};
		5E81ED3D27858B6800317457 /* Software Books */ = {
			isa = PBXGroup;
			children = (
				5E81ED5D2785BF7800317457 /* Controller */,
				5E81ED5C2785BF5800317457 /* View */,
				5E81ED5B2785BF4600317457 /* Model */,
				5E81ED3E27858B6800317457 /* AppDelegate.swift */,
				5E81ED4027858B6800317457 /* SceneDelegate.swift */,
				5E81ED4A27858B6C00317457 /* Assets.xcassets */,
				5E81ED4C27858B6C00317457 /* LaunchScreen.storyboard */,
				5E81ED4F27858B6C00317457 /* Info.plist */,
				5E81ED4727858B6800317457 /* Software_Books.xcdatamodeld */,
			);
			path = "Software Books";
			sourceTree = "<group>";
		};
		5E81ED5B2785BF4600317457 /* Model */ = {
			isa = PBXGroup;
			children = (
				5E81ED5527858F9C00317457 /* CategoryBook.swift */,
				5E6F20E6278DEF9D00A919DF /* Book.swift */,
				5E6F20E8278DF09300A919DF /* Networking.swift */,
				5E89E65827A8680800599C18 /* PersistenceManager.swift */,
			);
			path = Model;
			sourceTree = "<group>";
		};
		5E81ED5C2785BF5800317457 /* View */ = {
			isa = PBXGroup;
			children = (
				5E81ED4427858B6800317457 /* Main.storyboard */,
				5E81ED58278590FE00317457 /* CategoryCollectionViewCell.xib */,
				5E81ED612785D16F00317457 /* BookListTableViewCell.xib */,
				5E89E65F27A9ADFF00599C18 /* FavoriteBookCell.xib */,
			);
			path = View;
			sourceTree = "<group>";
		};
		5E81ED5D2785BF7800317457 /* Controller */ = {
			isa = PBXGroup;
			children = (
				5E81ED4227858B6800317457 /* CategoryBookVC.swift */,
				5E81ED57278590FE00317457 /* CategoryCollectionViewCell.swift */,
				5E81ED5E2785C48F00317457 /* BookListVC.swift */,
				5E81ED602785D16F00317457 /* BookListTableViewCell.swift */,
				5E05ABA7279EA8F8007CAED8 /* BookInfoVC.swift */,
				5E89E65A27A966E700599C18 /* FavoriteBookVC.swift */,
				5E89E65E27A9ADFF00599C18 /* FavoriteBookCell.swift */,
			);
			path = Controller;
			sourceTree = "<group>";
		};
/* End PBXGroup section */

/* Begin PBXNativeTarget section */
		5E81ED3A27858B6800317457 /* Software Books */ = {
			isa = PBXNativeTarget;
			buildConfigurationList = 5E81ED5227858B6C00317457 /* Build configuration list for PBXNativeTarget "Software Books" */;
			buildPhases = (
				5E81ED3727858B6800317457 /* Sources */,
				5E81ED3827858B6800317457 /* Frameworks */,
				5E81ED3927858B6800317457 /* Resources */,
			);
			buildRules = (
			);
			dependencies = (
			);
			name = "Software Books";
			productName = "Software Books";
			productReference = 5E81ED3B27858B6800317457 /* Software Books.app */;
			productType = "com.apple.product-type.application";
		};
/* End PBXNativeTarget section */

/* Begin PBXProject section */
		5E81ED3327858B6800317457 /* Project object */ = {
			isa = PBXProject;
			attributes = {
				BuildIndependentTargetsInParallel = 1;
				LastSwiftUpdateCheck = 1310;
				LastUpgradeCheck = 1310;
				TargetAttributes = {
					5E81ED3A27858B6800317457 = {
						CreatedOnToolsVersion = 13.1;
					};
				};
			};
			buildConfigurationList = 5E81ED3627858B6800317457 /* Build configuration list for PBXProject "Software Books" */;
			compatibilityVersion = "Xcode 13.0";
			developmentRegion = en;
			hasScannedForEncodings = 0;
			knownRegions = (
				en,
				Base,
			);
			mainGroup = 5E81ED3227858B6800317457;
			productRefGroup = 5E81ED3C27858B6800317457 /* Products */;
			projectDirPath = "";
			projectRoot = "";
			targets = (
				5E81ED3A27858B6800317457 /* Software Books */,
			);
		};
/* End PBXProject section */

/* Begin PBXResourcesBuildPhase section */
		5E81ED3927858B6800317457 /* Resources */ = {
			isa = PBXResourcesBuildPhase;
			buildActionMask = 2147483647;
			files = (
				5E89E66127A9ADFF00599C18 /* FavoriteBookCell.xib in Resources */,
				5E81ED5A278590FE00317457 /* CategoryCollectionViewCell.xib in Resources */,
				5E81ED4E27858B6C00317457 /* LaunchScreen.storyboard in Resources */,
				5E81ED4B27858B6C00317457 /* Assets.xcassets in Resources */,
				5E81ED4627858B6800317457 /* Main.storyboard in Resources */,
				5E81ED632785D16F00317457 /* BookListTableViewCell.xib in Resources */,
			);
			runOnlyForDeploymentPostprocessing = 0;
		};
/* End PBXResourcesBuildPhase section */

/* Begin PBXSourcesBuildPhase section */
		5E81ED3727858B6800317457 /* Sources */ = {
			isa = PBXSourcesBuildPhase;
			buildActionMask = 2147483647;
			files = (
				5E81ED622785D16F00317457 /* BookListTableViewCell.swift in Sources */,
				5E6F20E9278DF09300A919DF /* Networking.swift in Sources */,
				5E81ED4327858B6800317457 /* CategoryBookVC.swift in Sources */,
				5E89E65927A8680800599C18 /* PersistenceManager.swift in Sources */,
				5E81ED3F27858B6800317457 /* AppDelegate.swift in Sources */,
				5E89E65B27A966E700599C18 /* FavoriteBookVC.swift in Sources */,
				5E81ED4127858B6800317457 /* SceneDelegate.swift in Sources */,
				5E05ABA8279EA8F8007CAED8 /* BookInfoVC.swift in Sources */,
				5E89E66027A9ADFF00599C18 /* FavoriteBookCell.swift in Sources */,
				5E81ED5627858F9C00317457 /* CategoryBook.swift in Sources */,
				5E6F20E7278DEF9D00A919DF /* Book.swift in Sources */,
				5E81ED5F2785C48F00317457 /* BookListVC.swift in Sources */,
				5E81ED59278590FE00317457 /* CategoryCollectionViewCell.swift in Sources */,
				5E81ED4927858B6800317457 /* Software_Books.xcdatamodeld in Sources */,
			);
			runOnlyForDeploymentPostprocessing = 0;
		};
/* End PBXSourcesBuildPhase section */

/* Begin PBXVariantGroup section */
		5E81ED4427858B6800317457 /* Main.storyboard */ = {
			isa = PBXVariantGroup;
			children = (
				5E81ED4527858B6800317457 /* Base */,
			);
			name = Main.storyboard;
			sourceTree = "<group>";
		};
		5E81ED4C27858B6C00317457 /* LaunchScreen.storyboard */ = {
			isa = PBXVariantGroup;
			children = (
				5E81ED4D27858B6C00317457 /* Base */,
			);
			name = LaunchScreen.storyboard;
			sourceTree = "<group>";
		};
/* End PBXVariantGroup section */

/* Begin XCBuildConfiguration section */
		5E81ED5027858B6C00317457 /* Debug */ = {
			isa = XCBuildConfiguration;
			buildSettings = {
				ALWAYS_SEARCH_USER_PATHS = NO;
				CLANG_ANALYZER_NONNULL = YES;
				CLANG_ANALYZER_NUMBER_OBJECT_CONVERSION = YES_AGGRESSIVE;
				CLANG_CXX_LANGUAGE_STANDARD = "gnu++17";
				CLANG_CXX_LIBRARY = "libc++";
				CLANG_ENABLE_MODULES = YES;
				CLANG_ENABLE_OBJC_ARC = YES;
				CLANG_ENABLE_OBJC_WEAK = YES;
				CLANG_WARN_BLOCK_CAPTURE_AUTORELEASING = YES;
				CLANG_WARN_BOOL_CONVERSION = YES;
				CLANG_WARN_COMMA = YES;
				CLANG_WARN_CONSTANT_CONVERSION = YES;
				CLANG_WARN_DEPRECATED_OBJC_IMPLEMENTATIONS = YES;
				CLANG_WARN_DIRECT_OBJC_ISA_USAGE = YES_ERROR;
				CLANG_WARN_DOCUMENTATION_COMMENTS = YES;
				CLANG_WARN_EMPTY_BODY = YES;
				CLANG_WARN_ENUM_CONVERSION = YES;
				CLANG_WARN_INFINITE_RECURSION = YES;
				CLANG_WARN_INT_CONVERSION = YES;
				CLANG_WARN_NON_LITERAL_NULL_CONVERSION = YES;
				CLANG_WARN_OBJC_IMPLICIT_RETAIN_SELF = YES;
				CLANG_WARN_OBJC_LITERAL_CONVERSION = YES;
				CLANG_WARN_OBJC_ROOT_CLASS = YES_ERROR;
				CLANG_WARN_QUOTED_INCLUDE_IN_FRAMEWORK_HEADER = YES;
				CLANG_WARN_RANGE_LOOP_ANALYSIS = YES;
				CLANG_WARN_STRICT_PROTOTYPES = YES;
				CLANG_WARN_SUSPICIOUS_MOVE = YES;
				CLANG_WARN_UNGUARDED_AVAILABILITY = YES_AGGRESSIVE;
				CLANG_WARN_UNREACHABLE_CODE = YES;
				CLANG_WARN__DUPLICATE_METHOD_MATCH = YES;
				COPY_PHASE_STRIP = NO;
				DEBUG_INFORMATION_FORMAT = dwarf;
				ENABLE_STRICT_OBJC_MSGSEND = YES;
				ENABLE_TESTABILITY = YES;
				GCC_C_LANGUAGE_STANDARD = gnu11;
				GCC_DYNAMIC_NO_PIC = NO;
				GCC_NO_COMMON_BLOCKS = YES;
				GCC_OPTIMIZATION_LEVEL = 0;
				GCC_PREPROCESSOR_DEFINITIONS = (
					"DEBUG=1",
					"$(inherited)",
				);
				GCC_WARN_64_TO_32_BIT_CONVERSION = YES;
				GCC_WARN_ABOUT_RETURN_TYPE = YES_ERROR;
				GCC_WARN_UNDECLARED_SELECTOR = YES;
				GCC_WARN_UNINITIALIZED_AUTOS = YES_AGGRESSIVE;
				GCC_WARN_UNUSED_FUNCTION = YES;
				GCC_WARN_UNUSED_VARIABLE = YES;
				IPHONEOS_DEPLOYMENT_TARGET = 15.0;
				MTL_ENABLE_DEBUG_INFO = INCLUDE_SOURCE;
				MTL_FAST_MATH = YES;
				ONLY_ACTIVE_ARCH = YES;
				SDKROOT = iphoneos;
				SWIFT_ACTIVE_COMPILATION_CONDITIONS = DEBUG;
				SWIFT_OPTIMIZATION_LEVEL = "-Onone";
			};
			name = Debug;
		};
		5E81ED5127858B6C00317457 /* Release */ = {
			isa = XCBuildConfiguration;
			buildSettings = {
				ALWAYS_SEARCH_USER_PATHS = NO;
				CLANG_ANALYZER_NONNULL = YES;
				CLANG_ANALYZER_NUMBER_OBJECT_CONVERSION = YES_AGGRESSIVE;
				CLANG_CXX_LANGUAGE_STANDARD = "gnu++17";
				CLANG_CXX_LIBRARY = "libc++";
				CLANG_ENABLE_MODULES = YES;
				CLANG_ENABLE_OBJC_ARC = YES;
				CLANG_ENABLE_OBJC_WEAK = YES;
				CLANG_WARN_BLOCK_CAPTURE_AUTORELEASING = YES;
				CLANG_WARN_BOOL_CONVERSION = YES;
				CLANG_WARN_COMMA = YES;
				CLANG_WARN_CONSTANT_CONVERSION = YES;
				CLANG_WARN_DEPRECATED_OBJC_IMPLEMENTATIONS = YES;
				CLANG_WARN_DIRECT_OBJC_ISA_USAGE = YES_ERROR;
				CLANG_WARN_DOCUMENTATION_COMMENTS = YES;
				CLANG_WARN_EMPTY_BODY = YES;
				CLANG_WARN_ENUM_CONVERSION = YES;
				CLANG_WARN_INFINITE_RECURSION = YES;
				CLANG_WARN_INT_CONVERSION = YES;
				CLANG_WARN_NON_LITERAL_NULL_CONVERSION = YES;
				CLANG_WARN_OBJC_IMPLICIT_RETAIN_SELF = YES;
				CLANG_WARN_OBJC_LITERAL_CONVERSION = YES;
				CLANG_WARN_OBJC_ROOT_CLASS = YES_ERROR;
				CLANG_WARN_QUOTED_INCLUDE_IN_FRAMEWORK_HEADER = YES;
				CLANG_WARN_RANGE_LOOP_ANALYSIS = YES;
				CLANG_WARN_STRICT_PROTOTYPES = YES;
				CLANG_WARN_SUSPICIOUS_MOVE = YES;
				CLANG_WARN_UNGUARDED_AVAILABILITY = YES_AGGRESSIVE;
				CLANG_WARN_UNREACHABLE_CODE = YES;
				CLANG_WARN__DUPLICATE_METHOD_MATCH = YES;
				COPY_PHASE_STRIP = NO;
				DEBUG_INFORMATION_FORMAT = "dwarf-with-dsym";
				ENABLE_NS_ASSERTIONS = NO;
				ENABLE_STRICT_OBJC_MSGSEND = YES;
				GCC_C_LANGUAGE_STANDARD = gnu11;
				GCC_NO_COMMON_BLOCKS = YES;
				GCC_WARN_64_TO_32_BIT_CONVERSION = YES;
				GCC_WARN_ABOUT_RETURN_TYPE = YES_ERROR;
				GCC_WARN_UNDECLARED_SELECTOR = YES;
				GCC_WARN_UNINITIALIZED_AUTOS = YES_AGGRESSIVE;
				GCC_WARN_UNUSED_FUNCTION = YES;
				GCC_WARN_UNUSED_VARIABLE = YES;
				IPHONEOS_DEPLOYMENT_TARGET = 15.0;
				MTL_ENABLE_DEBUG_INFO = NO;
				MTL_FAST_MATH = YES;
				SDKROOT = iphoneos;
				SWIFT_COMPILATION_MODE = wholemodule;
				SWIFT_OPTIMIZATION_LEVEL = "-O";
				VALIDATE_PRODUCT = YES;
			};
			name = Release;
		};
		5E81ED5327858B6C00317457 /* Debug */ = {
			isa = XCBuildConfiguration;
			buildSettings = {
				ASSETCATALOG_COMPILER_APPICON_NAME = AppIcon;
				ASSETCATALOG_COMPILER_GLOBAL_ACCENT_COLOR_NAME = AccentColor;
				CODE_SIGN_STYLE = Automatic;
				CURRENT_PROJECT_VERSION = 1;
				DEVELOPMENT_TEAM = W8GUP4LR2M;
				GENERATE_INFOPLIST_FILE = YES;
				INFOPLIST_FILE = "Software Books/Info.plist";
				INFOPLIST_KEY_UIApplicationSupportsIndirectInputEvents = YES;
				INFOPLIST_KEY_UILaunchStoryboardName = LaunchScreen;
				INFOPLIST_KEY_UIMainStoryboardFile = Main;
				INFOPLIST_KEY_UISupportedInterfaceOrientations = UIInterfaceOrientationPortrait;
				INFOPLIST_KEY_UISupportedInterfaceOrientations_iPad = "UIInterfaceOrientationPortrait UIInterfaceOrientationPortraitUpsideDown UIInterfaceOrientationLandscapeLeft UIInterfaceOrientationLandscapeRight";
				INFOPLIST_KEY_UISupportedInterfaceOrientations_iPhone = "UIInterfaceOrientationPortrait UIInterfaceOrientationLandscapeLeft UIInterfaceOrientationLandscapeRight";
				LD_RUNPATH_SEARCH_PATHS = (
					"$(inherited)",
					"@executable_path/Frameworks",
				);
				MARKETING_VERSION = 1.0;
				PRODUCT_BUNDLE_IDENTIFIER = "Hivzi.Software-Books";
				PRODUCT_NAME = "$(TARGET_NAME)";
				SWIFT_EMIT_LOC_STRINGS = YES;
				SWIFT_VERSION = 5.0;
				TARGETED_DEVICE_FAMILY = "1,2";
			};
			name = Debug;
		};
		5E81ED5427858B6C00317457 /* Release */ = {
			isa = XCBuildConfiguration;
			buildSettings = {
				ASSETCATALOG_COMPILER_APPICON_NAME = AppIcon;
				ASSETCATALOG_COMPILER_GLOBAL_ACCENT_COLOR_NAME = AccentColor;
				CODE_SIGN_STYLE = Automatic;
				CURRENT_PROJECT_VERSION = 1;
				DEVELOPMENT_TEAM = W8GUP4LR2M;
				GENERATE_INFOPLIST_FILE = YES;
				INFOPLIST_FILE = "Software Books/Info.plist";
				INFOPLIST_KEY_UIApplicationSupportsIndirectInputEvents = YES;
				INFOPLIST_KEY_UILaunchStoryboardName = LaunchScreen;
				INFOPLIST_KEY_UIMainStoryboardFile = Main;
				INFOPLIST_KEY_UISupportedInterfaceOrientations = UIInterfaceOrientationPortrait;
				INFOPLIST_KEY_UISupportedInterfaceOrientations_iPad = "UIInterfaceOrientationPortrait UIInterfaceOrientationPortraitUpsideDown UIInterfaceOrientationLandscapeLeft UIInterfaceOrientationLandscapeRight";
				INFOPLIST_KEY_UISupportedInterfaceOrientations_iPhone = "UIInterfaceOrientationPortrait UIInterfaceOrientationLandscapeLeft UIInterfaceOrientationLandscapeRight";
				LD_RUNPATH_SEARCH_PATHS = (
					"$(inherited)",
					"@executable_path/Frameworks",
				);
				MARKETING_VERSION = 1.0;
				PRODUCT_BUNDLE_IDENTIFIER = "Hivzi.Software-Books";
				PRODUCT_NAME = "$(TARGET_NAME)";
				SWIFT_EMIT_LOC_STRINGS = YES;
				SWIFT_VERSION = 5.0;
				TARGETED_DEVICE_FAMILY = "1,2";
			};
			name = Release;
		};
/* End XCBuildConfiguration section */

/* Begin XCConfigurationList section */
		5E81ED3627858B6800317457 /* Build configuration list for PBXProject "Software Books" */ = {
			isa = XCConfigurationList;
			buildConfigurations = (
				5E81ED5027858B6C00317457 /* Debug */,
				5E81ED5127858B6C00317457 /* Release */,
			);
			defaultConfigurationIsVisible = 0;
			defaultConfigurationName = Release;
		};
		5E81ED5227858B6C00317457 /* Build configuration list for PBXNativeTarget "Software Books" */ = {
			isa = XCConfigurationList;
			buildConfigurations = (
				5E81ED5327858B6C00317457 /* Debug */,
				5E81ED5427858B6C00317457 /* Release */,
			);
			defaultConfigurationIsVisible = 0;
			defaultConfigurationName = Release;
		};
/* End XCConfigurationList section */

/* Begin XCVersionGroup section */
		5E81ED4727858B6800317457 /* Software_Books.xcdatamodeld */ = {
			isa = XCVersionGroup;
			children = (
				5E81ED4827858B6800317457 /* Software_Books.xcdatamodel */,
			);
			currentVersion = 5E81ED4827858B6800317457 /* Software_Books.xcdatamodel */;
			path = Software_Books.xcdatamodeld;
			sourceTree = "<group>";
			versionGroupType = wrapper.xcdatamodel;
		};
/* End XCVersionGroup section */
	};
	rootObject = 5E81ED3327858B6800317457 /* Project object */;
}
